
Microsoft Visual Studio Solution File, Format Version 12.00
# Visual Studio 15
VisualStudioVersion = 15.0.27130.2024
MinimumVisualStudioVersion = 10.0.40219.1
Project("{00D1A9C2-B5F0-4AF3-8072-F6C62B433612}") = "MeasuresDB", "MeasuresDB\MeasuresDB.sqlproj", "{A50D4E9C-CB08-4592-BDF6-E3D39C18BF48}"
EndProject
Global
	GlobalSection(SolutionConfigurationPlatforms) = preSolution
		Debug|Any CPU = Debug|Any CPU
		Release|Any CPU = Release|Any CPU
	EndGlobalSection
	GlobalSection(ProjectConfigurationPlatforms) = postSolution
		{A50D4E9C-CB08-4592-BDF6-E3D39C18BF48}.Debug|Any CPU.ActiveCfg = Debug|Any CPU
		{A50D4E9C-CB08-4592-BDF6-E3D39C18BF48}.Debug|Any CPU.Build.0 = Debug|Any CPU
		{A50D4E9C-CB08-4592-BDF6-E3D39C18BF48}.Debug|Any CPU.Deploy.0 = Debug|Any CPU
		{A50D4E9C-CB08-4592-BDF6-E3D39C18BF48}.Release|Any CPU.ActiveCfg = Release|Any CPU
		{A50D4E9C-CB08-4592-BDF6-E3D39C18BF48}.Release|Any CPU.Build.0 = Release|Any CPU
		{A50D4E9C-CB08-4592-BDF6-E3D39C18BF48}.Release|Any CPU.Deploy.0 = Release|Any CPU
	EndGlobalSection
	GlobalSection(SolutionProperties) = preSolution
		HideSolutionNode = FALSE
	EndGlobalSection
	GlobalSection(ExtensibilityGlobals) = postSolution
		SolutionGuid = {E2A076D6-1484-48DA-A65F-B41E68D3FA13}
	EndGlobalSection
EndGlobal
